// !$*UTF8*$!
{
	archiveVersion = 1;
	classes = {
	};
	objectVersion = 46;
	objects = {

/* Begin PBXBuildFile section */
		05B025EE1AB4A57700F6BF2B /* main.cpp in Sources */ = {isa = PBXBuildFile; fileRef = 05B025ED1AB4A57700F6BF2B /* main.cpp */; };
/* End PBXBuildFile section */

/* Begin PBXCopyFilesBuildPhase section */
		05B025E81AB4A57700F6BF2B /* CopyFiles */ = {
			isa = PBXCopyFilesBuildPhase;
			buildActionMask = 2147483647;
			dstPath = /usr/share/man/man1/;
			dstSubfolderSpec = 0;
			files = (
			);
			runOnlyForDeploymentPostprocessing = 1;
		};
/* End PBXCopyFilesBuildPhase section */

/* Begin PBXFileReference section */
		05B025EA1AB4A57700F6BF2B /* task-unchain */ = {isa = PBXFileReference; explicitFileType = "compiled.mach-o.executable"; includeInIndex = 0; path = "task-unchain"; sourceTree = BUILT_PRODUCTS_DIR; };
		05B025ED1AB4A57700F6BF2B /* main.cpp */ = {isa = PBXFileReference; lastKnownFileType = sourcecode.cpp.cpp; path = main.cpp; sourceTree = "<group>"; };
/* End PBXFileReference section */

/* Begin PBXFrameworksBuildPhase section */
		05B025E71AB4A57700F6BF2B /* Frameworks */ = {
			isa = PBXFrameworksBuildPhase;
			buildActionMask = 2147483647;
			files = (
			);
			runOnlyForDeploymentPostprocessing = 0;
		};
/* End PBXFrameworksBuildPhase section */

/* Begin PBXGroup section */
		05B025E11AB4A57700F6BF2B = {
			isa = PBXGroup;
			children = (
				05B025EC1AB4A57700F6BF2B /* task-unchain */,
				05B025EB1AB4A57700F6BF2B /* Products */,
			);
			sourceTree = "<group>";
		};
		05B025EB1AB4A57700F6BF2B /* Products */ = {
			isa = PBXGroup;
			children = (
				05B025EA1AB4A57700F6BF2B /* task-unchain */,
			);
			name = Products;
			sourceTree = "<group>";
		};
		05B025EC1AB4A57700F6BF2B /* task-unchain */ = {
			isa = PBXGroup;
			children = (
				05B025ED1AB4A57700F6BF2B /* main.cpp */,
			);
			path = "task-unchain";
			sourceTree = "<group>";
		};
/* End PBXGroup section */

/* Begin PBXNativeTarget section */
		05B025E91AB4A57700F6BF2B /* task-unchain */ = {
			isa = PBXNativeTarget;
			buildConfigurationList = 05B025F11AB4A57700F6BF2B /* Build configuration list for PBXNativeTarget "task-unchain" */;
			buildPhases = (
				05B025E61AB4A57700F6BF2B /* Sources */,
				05B025E71AB4A57700F6BF2B /* Frameworks */,
				05B025E81AB4A57700F6BF2B /* CopyFiles */,
			);
			buildRules = (
			);
			dependencies = (
			);
			name = "task-unchain";
			productName = "task-unchain";
			productReference = 05B025EA1AB4A57700F6BF2B /* task-unchain */;
			productType = "com.apple.product-type.tool";
		};
/* End PBXNativeTarget section */

/* Begin PBXProject section */
		05B025E21AB4A57700F6BF2B /* Project object */ = {
			isa = PBXProject;
			attributes = {
				LastUpgradeCheck = 0620;
				ORGANIZATIONNAME = "Landon Fuller";
				TargetAttributes = {
					05B025E91AB4A57700F6BF2B = {
						CreatedOnToolsVersion = 6.2;
					};
				};
			};
			buildConfigurationList = 05B025E51AB4A57700F6BF2B /* Build configuration list for PBXProject "task-unchain" */;
			compatibilityVersion = "Xcode 3.2";
			developmentRegion = English;
			hasScannedForEncodings = 0;
			knownRegions = (
				en,
			);
			mainGroup = 05B025E11AB4A57700F6BF2B;
			productRefGroup = 05B025EB1AB4A57700F6BF2B /* Products */;
			projectDirPath = "";
			projectRoot = "";
			targets = (
				05B025E91AB4A57700F6BF2B /* task-unchain */,
			);
		};
/* End PBXProject section */

/* Begin PBXSourcesBuildPhase section */
		05B025E61AB4A57700F6BF2B /* Sources */ = {
			isa = PBXSourcesBuildPhase;
			buildActionMask = 2147483647;
			files = (
				05B025EE1AB4A57700F6BF2B /* main.cpp in Sources */,
			);
			runOnlyForDeploymentPostprocessing = 0;
		};
/* End PBXSourcesBuildPhase section */

/* Begin XCBuildConfiguration section */
		05B025EF1AB4A57700F6BF2B /* Debug */ = {
			isa = XCBuildConfiguration;
			buildSettings = {
				ALWAYS_SEARCH_USER_PATHS = NO;
				CLANG_CXX_LANGUAGE_STANDARD = "gnu++0x";
				CLANG_CXX_LIBRARY = "libc++";
				CLANG_ENABLE_MODULES = YES;
				CLANG_ENABLE_OBJC_ARC = YES;
				CLANG_WARN_BOOL_CONVERSION = YES;
				CLANG_WARN_CONSTANT_CONVERSION = YES;
				CLANG_WARN_DIRECT_OBJC_ISA_USAGE = YES_ERROR;
				CLANG_WARN_EMPTY_BODY = YES;
				CLANG_WARN_ENUM_CONVERSION = YES;
				CLANG_WARN_INT_CONVERSION = YES;
				CLANG_WARN_OBJC_ROOT_CLASS = YES_ERROR;
				CLANG_WARN_UNREACHABLE_CODE = YES;
				CLANG_WARN__DUPLICATE_METHOD_MATCH = YES;
				COPY_PHASE_STRIP = NO;
				ENABLE_STRICT_OBJC_MSGSEND = YES;
				GCC_C_LANGUAGE_STANDARD = gnu99;
				GCC_DYNAMIC_NO_PIC = NO;
				GCC_OPTIMIZATION_LEVEL = 0;
				GCC_PREPROCESSOR_DEFINITIONS = (
					"DEBUG=1",
					"$(inherited)",
				);
				GCC_SYMBOLS_PRIVATE_EXTERN = NO;
				GCC_WARN_64_TO_32_BIT_CONVERSION = YES;
				GCC_WARN_ABOUT_RETURN_TYPE = YES_ERROR;
				GCC_WARN_UNDECLARED_SELECTOR = YES;
				GCC_WARN_UNINITIALIZED_AUTOS = YES_AGGRESSIVE;
				GCC_WARN_UNUSED_FUNCTION = YES;
				GCC_WARN_UNUSED_VARIABLE = YES;
				MACOSX_DEPLOYMENT_TARGET = 10.9;
				MTL_ENABLE_DEBUG_INFO = YES;
				ONLY_ACTIVE_ARCH = YES;
				SDKROOT = macosx;
			};
			name = Debug;
		};
		05B025F01AB4A57700F6BF2B /* Release */ = {
			isa = XCBuildConfiguration;
			buildSettings = {
				ALWAYS_SEARCH_USER_PATHS = NO;
				CLANG_CXX_LANGUAGE_STANDARD = "gnu++0x";
				CLANG_CXX_LIBRARY = "libc++";
				CLANG_ENABLE_MODULES = YES;
				CLANG_ENABLE_OBJC_ARC = YES;
				CLANG_WARN_BOOL_CONVERSION = YES;
				CLANG_WARN_CONSTANT_CONVERSION = YES;
				CLANG_WARN_DIRECT_OBJC_ISA_USAGE = YES_ERROR;
				CLANG_WARN_EMPTY_BODY = YES;
				CLANG_WARN_ENUM_CONVERSION = YES;
				CLANG_WARN_INT_CONVERSION = YES;
				CLANG_WARN_OBJC_ROOT_CLASS = YES_ERROR;
				CLANG_WARN_UNREACHABLE_CODE = YES;
				CLANG_WARN__DUPLICATE_METHOD_MATCH = YES;
				COPY_PHASE_STRIP = NO;
				DEBUG_INFORMATION_FORMAT = "dwarf-with-dsym";
				ENABLE_NS_ASSERTIONS = NO;
				ENABLE_STRICT_OBJC_MSGSEND = YES;
				GCC_C_LANGUAGE_STANDARD = gnu99;
				GCC_WARN_64_TO_32_BIT_CONVERSION = YES;
				GCC_WARN_ABOUT_RETURN_TYPE = YES_ERROR;
				GCC_WARN_UNDECLARED_SELECTOR = YES;
				GCC_WARN_UNINITIALIZED_AUTOS = YES_AGGRESSIVE;
				GCC_WARN_UNUSED_FUNCTION = YES;
				GCC_WARN_UNUSED_VARIABLE = YES;
				MACOSX_DEPLOYMENT_TARGET = 10.9;
				MTL_ENABLE_DEBUG_INFO = NO;
				SDKROOT = macosx;
			};
			name = Release;
		};
		05B025F21AB4A57700F6BF2B /* Debug */ = {
			isa = XCBuildConfiguration;
			buildSettings = {
				PRODUCT_NAME = "$(TARGET_NAME)";
			};
			name = Debug;
		};
		05B025F31AB4A57700F6BF2B /* Release */ = {
			isa = XCBuildConfiguration;
			buildSettings = {
				PRODUCT_NAME = "$(TARGET_NAME)";
			};
			name = Release;
		};
/* End XCBuildConfiguration section */

/* Begin XCConfigurationList section */
		05B025E51AB4A57700F6BF2B /* Build configuration list for PBXProject "task-unchain" */ = {
			isa = XCConfigurationList;
			buildConfigurations = (
				05B025EF1AB4A57700F6BF2B /* Debug */,
				05B025F01AB4A57700F6BF2B /* Release */,
			);
			defaultConfigurationIsVisible = 0;
			defaultConfigurationName = Release;
		};
		05B025F11AB4A57700F6BF2B /* Build configuration list for PBXNativeTarget "task-unchain" */ = {
			isa = XCConfigurationList;
			buildConfigurations = (
				05B025F21AB4A57700F6BF2B /* Debug */,
				05B025F31AB4A57700F6BF2B /* Release */,
			);
			defaultConfigurationIsVisible = 0;
			defaultConfigurationName = Release;
		};
/* End XCConfigurationList section */
	};
	rootObject = 05B025E21AB4A57700F6BF2B /* Project object */;
}
